# This file is automatically @generated by Cargo.
# It is not intended for manual editing.
version = 4

[[package]]
name = "display"
version = "0.1.0"
dependencies = [
 "simulator_types",
]

[[package]]
name = "game_frontend"
version = "0.1.0"

[[package]]
name = "lunar_lander"
version = "0.1.0"
dependencies = [
 "simulator",
 "simulator_types",
]

[[package]]
name = "lunar_lander_gym"
version = "0.1.0"
dependencies = [
 "lunar_lander",
]

[[package]]
name = "simulator"
version = "0.1.0"
dependencies = [
 "simulator_types",
]

[[package]]
name = "simulator_types"
version = "0.1.0"
